// !$*UTF8*$!
{
	archiveVersion = 1;
	classes = {
	};
	objectVersion = 55;
	objects = {

/* Begin PBXBuildFile section */
		1664CBC625C0762494C59C6C /* Pods_InstagramSwift.framework in Frameworks */ = {isa = PBXBuildFile; fileRef = C7F374B4182EB0520D74264F /* Pods_InstagramSwift.framework */; };
		DF20D4E7283781A1000208C7 /* PosterCollectionViewCellViewModel.swift in Sources */ = {isa = PBXBuildFile; fileRef = DF20D4E6283781A1000208C7 /* PosterCollectionViewCellViewModel.swift */; };
		DF20D4E92837825D000208C7 /* PostCollectionViewCellViewModel.swift in Sources */ = {isa = PBXBuildFile; fileRef = DF20D4E82837825D000208C7 /* PostCollectionViewCellViewModel.swift */; };
		DF20D4EB283782F2000208C7 /* PostActionsCollectionViewCellViewModel.swift in Sources */ = {isa = PBXBuildFile; fileRef = DF20D4EA283782F2000208C7 /* PostActionsCollectionViewCellViewModel.swift */; };
		DF20D4EF283783C2000208C7 /* PostLikesCollectionViewCellViewModel.swift in Sources */ = {isa = PBXBuildFile; fileRef = DF20D4EE283783C2000208C7 /* PostLikesCollectionViewCellViewModel.swift */; };
		DF20D4F128378454000208C7 /* PostCaptionCollectionViewCellViewModel.swift in Sources */ = {isa = PBXBuildFile; fileRef = DF20D4F028378454000208C7 /* PostCaptionCollectionViewCellViewModel.swift */; };
		DF20D4F3283784BE000208C7 /* PostDatetimeCollectionViewCellViewModel.swift in Sources */ = {isa = PBXBuildFile; fileRef = DF20D4F2283784BE000208C7 /* PostDatetimeCollectionViewCellViewModel.swift */; };
		DF20D4F5283785F1000208C7 /* HomeFeedCellType.swift in Sources */ = {isa = PBXBuildFile; fileRef = DF20D4F4283785F1000208C7 /* HomeFeedCellType.swift */; };
		DF81902928323F24007E9902 /* SignInHeaderView.swift in Sources */ = {isa = PBXBuildFile; fileRef = DF81902828323F24007E9902 /* SignInHeaderView.swift */; };
		DF81902B28324116007E9902 /* Extensions.swift in Sources */ = {isa = PBXBuildFile; fileRef = DF81902A28324116007E9902 /* Extensions.swift */; };
		DF9C103A2832AC5A007D425B /* IGTextField.swift in Sources */ = {isa = PBXBuildFile; fileRef = DF9C10392832AC5A007D425B /* IGTextField.swift */; };
		DFB7E13E2837F4F00089F48C /* PosterCollectionViewCell.swift in Sources */ = {isa = PBXBuildFile; fileRef = DFB7E13D2837F4F00089F48C /* PosterCollectionViewCell.swift */; };
		DFB7E1402837F61F0089F48C /* PostCollectionViewCell.swift in Sources */ = {isa = PBXBuildFile; fileRef = DFB7E13F2837F61F0089F48C /* PostCollectionViewCell.swift */; };
		DFB7E1422837F6740089F48C /* PostActionsCollectionViewCell.swift in Sources */ = {isa = PBXBuildFile; fileRef = DFB7E1412837F6740089F48C /* PostActionsCollectionViewCell.swift */; };
		DFB7E1442837F6A20089F48C /* PostLikesCollectionViewCell.swift in Sources */ = {isa = PBXBuildFile; fileRef = DFB7E1432837F6A20089F48C /* PostLikesCollectionViewCell.swift */; };
		DFB7E1462837F6C90089F48C /* PostCaptionCollectionViewCell.swift in Sources */ = {isa = PBXBuildFile; fileRef = DFB7E1452837F6C90089F48C /* PostCaptionCollectionViewCell.swift */; };
		DFB7E1482837F7130089F48C /* PostDateTimeCollectionViewCell.swift in Sources */ = {isa = PBXBuildFile; fileRef = DFB7E1472837F7130089F48C /* PostDateTimeCollectionViewCell.swift */; };
		DFDB6025283152CD0039F24B /* AppDelegate.swift in Sources */ = {isa = PBXBuildFile; fileRef = DFDB6024283152CD0039F24B /* AppDelegate.swift */; };
		DFDB6027283152CD0039F24B /* SceneDelegate.swift in Sources */ = {isa = PBXBuildFile; fileRef = DFDB6026283152CD0039F24B /* SceneDelegate.swift */; };
		DFDB6029283152CD0039F24B /* HomeViewController.swift in Sources */ = {isa = PBXBuildFile; fileRef = DFDB6028283152CD0039F24B /* HomeViewController.swift */; };
		DFDB602E283152D00039F24B /* Assets.xcassets in Resources */ = {isa = PBXBuildFile; fileRef = DFDB602D283152D00039F24B /* Assets.xcassets */; };
		DFDB6031283152D00039F24B /* LaunchScreen.storyboard in Resources */ = {isa = PBXBuildFile; fileRef = DFDB602F283152D00039F24B /* LaunchScreen.storyboard */; };
		DFDB6040283157FA0039F24B /* ExploreViewController.swift in Sources */ = {isa = PBXBuildFile; fileRef = DFDB603F283157FA0039F24B /* ExploreViewController.swift */; };
		DFDB60422831581D0039F24B /* CameraViewController.swift in Sources */ = {isa = PBXBuildFile; fileRef = DFDB60412831581D0039F24B /* CameraViewController.swift */; };
		DFDB6044283158580039F24B /* NotificationsViewController.swift in Sources */ = {isa = PBXBuildFile; fileRef = DFDB6043283158580039F24B /* NotificationsViewController.swift */; };
		DFDB6046283158860039F24B /* ProfileViewController.swift in Sources */ = {isa = PBXBuildFile; fileRef = DFDB6045283158860039F24B /* ProfileViewController.swift */; };
		DFDB6048283158C60039F24B /* TabBarViewController.swift in Sources */ = {isa = PBXBuildFile; fileRef = DFDB6047283158C60039F24B /* TabBarViewController.swift */; };
		DFDB604B283159000039F24B /* SignInViewController.swift in Sources */ = {isa = PBXBuildFile; fileRef = DFDB604A283159000039F24B /* SignInViewController.swift */; };
		DFDB604D283159180039F24B /* SignUpViewController.swift in Sources */ = {isa = PBXBuildFile; fileRef = DFDB604C283159180039F24B /* SignUpViewController.swift */; };
		DFDB604F2831594C0039F24B /* CaptionViewController.swift in Sources */ = {isa = PBXBuildFile; fileRef = DFDB604E2831594C0039F24B /* CaptionViewController.swift */; };
		DFDB6052283159B10039F24B /* ListViewController.swift in Sources */ = {isa = PBXBuildFile; fileRef = DFDB6051283159B10039F24B /* ListViewController.swift */; };
		DFDB6054283159C90039F24B /* PostViewController.swift in Sources */ = {isa = PBXBuildFile; fileRef = DFDB6053283159C90039F24B /* PostViewController.swift */; };
		DFDB6056283159E10039F24B /* SettingsViewController.swift in Sources */ = {isa = PBXBuildFile; fileRef = DFDB6055283159E10039F24B /* SettingsViewController.swift */; };
		DFDB605828315A2E0039F24B /* User.swift in Sources */ = {isa = PBXBuildFile; fileRef = DFDB605728315A2E0039F24B /* User.swift */; };
		DFDB605A28315A3F0039F24B /* Post.swift in Sources */ = {isa = PBXBuildFile; fileRef = DFDB605928315A3F0039F24B /* Post.swift */; };
		DFDB605C28315A6C0039F24B /* Relationship.swift in Sources */ = {isa = PBXBuildFile; fileRef = DFDB605B28315A6C0039F24B /* Relationship.swift */; };
		DFDB605E28315A8F0039F24B /* Notification.swift in Sources */ = {isa = PBXBuildFile; fileRef = DFDB605D28315A8F0039F24B /* Notification.swift */; };
		DFDB606028315AC10039F24B /* AuthManager.swift in Sources */ = {isa = PBXBuildFile; fileRef = DFDB605F28315AC10039F24B /* AuthManager.swift */; };
		DFDB606228315AE80039F24B /* DatabaseManager.swift in Sources */ = {isa = PBXBuildFile; fileRef = DFDB606128315AE80039F24B /* DatabaseManager.swift */; };
		DFDB606428315B090039F24B /* StorageManager.swift in Sources */ = {isa = PBXBuildFile; fileRef = DFDB606328315B090039F24B /* StorageManager.swift */; };
		DFDB606628315B310039F24B /* AnalyticsManager.swift in Sources */ = {isa = PBXBuildFile; fileRef = DFDB606528315B310039F24B /* AnalyticsManager.swift */; };
		DFDB606828315B530039F24B /* HapticsManager.swift in Sources */ = {isa = PBXBuildFile; fileRef = DFDB606728315B530039F24B /* HapticsManager.swift */; };
		DFDB606A28315E680039F24B /* GoogleService-Info.plist in Resources */ = {isa = PBXBuildFile; fileRef = DFDB606928315E680039F24B /* GoogleService-Info.plist */; };
/* End PBXBuildFile section */

/* Begin PBXFileReference section */
		995D7D1151A0C37EAD63537C /* Pods-InstagramSwift.release.xcconfig */ = {isa = PBXFileReference; includeInIndex = 1; lastKnownFileType = text.xcconfig; name = "Pods-InstagramSwift.release.xcconfig"; path = "Target Support Files/Pods-InstagramSwift/Pods-InstagramSwift.release.xcconfig"; sourceTree = "<group>"; };
		A03B0A2D927FBE342EF4606E /* Pods-InstagramSwift.debug.xcconfig */ = {isa = PBXFileReference; includeInIndex = 1; lastKnownFileType = text.xcconfig; name = "Pods-InstagramSwift.debug.xcconfig"; path = "Target Support Files/Pods-InstagramSwift/Pods-InstagramSwift.debug.xcconfig"; sourceTree = "<group>"; };
		C7F374B4182EB0520D74264F /* Pods_InstagramSwift.framework */ = {isa = PBXFileReference; explicitFileType = wrapper.framework; includeInIndex = 0; path = Pods_InstagramSwift.framework; sourceTree = BUILT_PRODUCTS_DIR; };
		DF20D4E6283781A1000208C7 /* PosterCollectionViewCellViewModel.swift */ = {isa = PBXFileReference; lastKnownFileType = sourcecode.swift; path = PosterCollectionViewCellViewModel.swift; sourceTree = "<group>"; };
		DF20D4E82837825D000208C7 /* PostCollectionViewCellViewModel.swift */ = {isa = PBXFileReference; lastKnownFileType = sourcecode.swift; path = PostCollectionViewCellViewModel.swift; sourceTree = "<group>"; };
		DF20D4EA283782F2000208C7 /* PostActionsCollectionViewCellViewModel.swift */ = {isa = PBXFileReference; lastKnownFileType = sourcecode.swift; path = PostActionsCollectionViewCellViewModel.swift; sourceTree = "<group>"; };
		DF20D4EE283783C2000208C7 /* PostLikesCollectionViewCellViewModel.swift */ = {isa = PBXFileReference; lastKnownFileType = sourcecode.swift; path = PostLikesCollectionViewCellViewModel.swift; sourceTree = "<group>"; };
		DF20D4F028378454000208C7 /* PostCaptionCollectionViewCellViewModel.swift */ = {isa = PBXFileReference; lastKnownFileType = sourcecode.swift; path = PostCaptionCollectionViewCellViewModel.swift; sourceTree = "<group>"; };
		DF20D4F2283784BE000208C7 /* PostDatetimeCollectionViewCellViewModel.swift */ = {isa = PBXFileReference; lastKnownFileType = sourcecode.swift; path = PostDatetimeCollectionViewCellViewModel.swift; sourceTree = "<group>"; };
		DF20D4F4283785F1000208C7 /* HomeFeedCellType.swift */ = {isa = PBXFileReference; lastKnownFileType = sourcecode.swift; path = HomeFeedCellType.swift; sourceTree = "<group>"; };
		DF81902828323F24007E9902 /* SignInHeaderView.swift */ = {isa = PBXFileReference; lastKnownFileType = sourcecode.swift; path = SignInHeaderView.swift; sourceTree = "<group>"; };
		DF81902A28324116007E9902 /* Extensions.swift */ = {isa = PBXFileReference; lastKnownFileType = sourcecode.swift; path = Extensions.swift; sourceTree = "<group>"; };
		DF9C10392832AC5A007D425B /* IGTextField.swift */ = {isa = PBXFileReference; lastKnownFileType = sourcecode.swift; path = IGTextField.swift; sourceTree = "<group>"; };
		DFB7E13D2837F4F00089F48C /* PosterCollectionViewCell.swift */ = {isa = PBXFileReference; lastKnownFileType = sourcecode.swift; path = PosterCollectionViewCell.swift; sourceTree = "<group>"; };
		DFB7E13F2837F61F0089F48C /* PostCollectionViewCell.swift */ = {isa = PBXFileReference; lastKnownFileType = sourcecode.swift; path = PostCollectionViewCell.swift; sourceTree = "<group>"; };
		DFB7E1412837F6740089F48C /* PostActionsCollectionViewCell.swift */ = {isa = PBXFileReference; lastKnownFileType = sourcecode.swift; path = PostActionsCollectionViewCell.swift; sourceTree = "<group>"; };
		DFB7E1432837F6A20089F48C /* PostLikesCollectionViewCell.swift */ = {isa = PBXFileReference; lastKnownFileType = sourcecode.swift; path = PostLikesCollectionViewCell.swift; sourceTree = "<group>"; };
		DFB7E1452837F6C90089F48C /* PostCaptionCollectionViewCell.swift */ = {isa = PBXFileReference; lastKnownFileType = sourcecode.swift; path = PostCaptionCollectionViewCell.swift; sourceTree = "<group>"; };
		DFB7E1472837F7130089F48C /* PostDateTimeCollectionViewCell.swift */ = {isa = PBXFileReference; lastKnownFileType = sourcecode.swift; path = PostDateTimeCollectionViewCell.swift; sourceTree = "<group>"; };
		DFDB6021283152CD0039F24B /* InstagramSwift.app */ = {isa = PBXFileReference; explicitFileType = wrapper.application; includeInIndex = 0; path = InstagramSwift.app; sourceTree = BUILT_PRODUCTS_DIR; };
		DFDB6024283152CD0039F24B /* AppDelegate.swift */ = {isa = PBXFileReference; lastKnownFileType = sourcecode.swift; path = AppDelegate.swift; sourceTree = "<group>"; };
		DFDB6026283152CD0039F24B /* SceneDelegate.swift */ = {isa = PBXFileReference; lastKnownFileType = sourcecode.swift; path = SceneDelegate.swift; sourceTree = "<group>"; };
		DFDB6028283152CD0039F24B /* HomeViewController.swift */ = {isa = PBXFileReference; lastKnownFileType = sourcecode.swift; path = HomeViewController.swift; sourceTree = "<group>"; };
		DFDB602D283152D00039F24B /* Assets.xcassets */ = {isa = PBXFileReference; lastKnownFileType = folder.assetcatalog; path = Assets.xcassets; sourceTree = "<group>"; };
		DFDB6030283152D00039F24B /* Base */ = {isa = PBXFileReference; lastKnownFileType = file.storyboard; name = Base; path = Base.lproj/LaunchScreen.storyboard; sourceTree = "<group>"; };
		DFDB6032283152D00039F24B /* Info.plist */ = {isa = PBXFileReference; lastKnownFileType = text.plist.xml; path = Info.plist; sourceTree = "<group>"; };
		DFDB603F283157FA0039F24B /* ExploreViewController.swift */ = {isa = PBXFileReference; lastKnownFileType = sourcecode.swift; path = ExploreViewController.swift; sourceTree = "<group>"; };
		DFDB60412831581D0039F24B /* CameraViewController.swift */ = {isa = PBXFileReference; lastKnownFileType = sourcecode.swift; path = CameraViewController.swift; sourceTree = "<group>"; };
		DFDB6043283158580039F24B /* NotificationsViewController.swift */ = {isa = PBXFileReference; lastKnownFileType = sourcecode.swift; path = NotificationsViewController.swift; sourceTree = "<group>"; };
		DFDB6045283158860039F24B /* ProfileViewController.swift */ = {isa = PBXFileReference; lastKnownFileType = sourcecode.swift; path = ProfileViewController.swift; sourceTree = "<group>"; };
		DFDB6047283158C60039F24B /* TabBarViewController.swift */ = {isa = PBXFileReference; lastKnownFileType = sourcecode.swift; path = TabBarViewController.swift; sourceTree = "<group>"; };
		DFDB604A283159000039F24B /* SignInViewController.swift */ = {isa = PBXFileReference; lastKnownFileType = sourcecode.swift; path = SignInViewController.swift; sourceTree = "<group>"; };
		DFDB604C283159180039F24B /* SignUpViewController.swift */ = {isa = PBXFileReference; lastKnownFileType = sourcecode.swift; path = SignUpViewController.swift; sourceTree = "<group>"; };
		DFDB604E2831594C0039F24B /* CaptionViewController.swift */ = {isa = PBXFileReference; lastKnownFileType = sourcecode.swift; path = CaptionViewController.swift; sourceTree = "<group>"; };
		DFDB6051283159B10039F24B /* ListViewController.swift */ = {isa = PBXFileReference; lastKnownFileType = sourcecode.swift; path = ListViewController.swift; sourceTree = "<group>"; };
		DFDB6053283159C90039F24B /* PostViewController.swift */ = {isa = PBXFileReference; lastKnownFileType = sourcecode.swift; path = PostViewController.swift; sourceTree = "<group>"; };
		DFDB6055283159E10039F24B /* SettingsViewController.swift */ = {isa = PBXFileReference; lastKnownFileType = sourcecode.swift; path = SettingsViewController.swift; sourceTree = "<group>"; };
		DFDB605728315A2E0039F24B /* User.swift */ = {isa = PBXFileReference; lastKnownFileType = sourcecode.swift; path = User.swift; sourceTree = "<group>"; };
		DFDB605928315A3F0039F24B /* Post.swift */ = {isa = PBXFileReference; lastKnownFileType = sourcecode.swift; path = Post.swift; sourceTree = "<group>"; };
		DFDB605B28315A6C0039F24B /* Relationship.swift */ = {isa = PBXFileReference; lastKnownFileType = sourcecode.swift; path = Relationship.swift; sourceTree = "<group>"; };
		DFDB605D28315A8F0039F24B /* Notification.swift */ = {isa = PBXFileReference; lastKnownFileType = sourcecode.swift; path = Notification.swift; sourceTree = "<group>"; };
		DFDB605F28315AC10039F24B /* AuthManager.swift */ = {isa = PBXFileReference; lastKnownFileType = sourcecode.swift; path = AuthManager.swift; sourceTree = "<group>"; };
		DFDB606128315AE80039F24B /* DatabaseManager.swift */ = {isa = PBXFileReference; lastKnownFileType = sourcecode.swift; path = DatabaseManager.swift; sourceTree = "<group>"; };
		DFDB606328315B090039F24B /* StorageManager.swift */ = {isa = PBXFileReference; lastKnownFileType = sourcecode.swift; path = StorageManager.swift; sourceTree = "<group>"; };
		DFDB606528315B310039F24B /* AnalyticsManager.swift */ = {isa = PBXFileReference; lastKnownFileType = sourcecode.swift; path = AnalyticsManager.swift; sourceTree = "<group>"; };
		DFDB606728315B530039F24B /* HapticsManager.swift */ = {isa = PBXFileReference; lastKnownFileType = sourcecode.swift; path = HapticsManager.swift; sourceTree = "<group>"; };
		DFDB606928315E680039F24B /* GoogleService-Info.plist */ = {isa = PBXFileReference; fileEncoding = 4; lastKnownFileType = text.plist.xml; path = "GoogleService-Info.plist"; sourceTree = "<group>"; };
/* End PBXFileReference section */

/* Begin PBXFrameworksBuildPhase section */
		DFDB601E283152CD0039F24B /* Frameworks */ = {
			isa = PBXFrameworksBuildPhase;
			buildActionMask = 2147483647;
			files = (
				1664CBC625C0762494C59C6C /* Pods_InstagramSwift.framework in Frameworks */,
			);
			runOnlyForDeploymentPostprocessing = 0;
		};
/* End PBXFrameworksBuildPhase section */

/* Begin PBXGroup section */
		54F1E9099CD53E34AC290286 /* Pods */ = {
			isa = PBXGroup;
			children = (
				A03B0A2D927FBE342EF4606E /* Pods-InstagramSwift.debug.xcconfig */,
				995D7D1151A0C37EAD63537C /* Pods-InstagramSwift.release.xcconfig */,
			);
			path = Pods;
			sourceTree = "<group>";
		};
		DFB7E13C2837F4BA0089F48C /* HomeCells */ = {
			isa = PBXGroup;
			children = (
				DFB7E13D2837F4F00089F48C /* PosterCollectionViewCell.swift */,
				DFB7E13F2837F61F0089F48C /* PostCollectionViewCell.swift */,
				DFB7E1412837F6740089F48C /* PostActionsCollectionViewCell.swift */,
				DFB7E1432837F6A20089F48C /* PostLikesCollectionViewCell.swift */,
				DFB7E1452837F6C90089F48C /* PostCaptionCollectionViewCell.swift */,
				DFB7E1472837F7130089F48C /* PostDateTimeCollectionViewCell.swift */,
			);
			path = HomeCells;
			sourceTree = "<group>";
		};
		DFDB6018283152CD0039F24B = {
			isa = PBXGroup;
			children = (
				DFDB6023283152CD0039F24B /* InstagramSwift */,
				DFDB6022283152CD0039F24B /* Products */,
				54F1E9099CD53E34AC290286 /* Pods */,
				E10B64D335768194E05D89BD /* Frameworks */,
			);
			sourceTree = "<group>";
		};
		DFDB6022283152CD0039F24B /* Products */ = {
			isa = PBXGroup;
			children = (
				DFDB6021283152CD0039F24B /* InstagramSwift.app */,
			);
			name = Products;
			sourceTree = "<group>";
		};
		DFDB6023283152CD0039F24B /* InstagramSwift */ = {
			isa = PBXGroup;
			children = (
				DFDB603D2831549D0039F24B /* Resources */,
				DFDB603C283154910039F24B /* Managers */,
				DFDB603B283154740039F24B /* ViewModels */,
				DFDB603A2831546C0039F24B /* Models */,
				DFDB6039283154520039F24B /* Views */,
				DFDB6038283154470039F24B /* Controllers */,
				DFDB6032283152D00039F24B /* Info.plist */,
			);
			path = InstagramSwift;
			sourceTree = "<group>";
		};
		DFDB6038283154470039F24B /* Controllers */ = {
			isa = PBXGroup;
			children = (
				DFDB6049283158DD0039F24B /* Other */,
				DFDB603E283157AF0039F24B /* Core */,
			);
			path = Controllers;
			sourceTree = "<group>";
		};
		DFDB6039283154520039F24B /* Views */ = {
			isa = PBXGroup;
			children = (
				DFB7E13C2837F4BA0089F48C /* HomeCells */,
				DFDB602F283152D00039F24B /* LaunchScreen.storyboard */,
				DF81902828323F24007E9902 /* SignInHeaderView.swift */,
				DF9C10392832AC5A007D425B /* IGTextField.swift */,
			);
			path = Views;
			sourceTree = "<group>";
		};
		DFDB603A2831546C0039F24B /* Models */ = {
			isa = PBXGroup;
			children = (
				DFDB605728315A2E0039F24B /* User.swift */,
				DFDB605928315A3F0039F24B /* Post.swift */,
				DFDB605B28315A6C0039F24B /* Relationship.swift */,
				DFDB605D28315A8F0039F24B /* Notification.swift */,
				DF20D4F4283785F1000208C7 /* HomeFeedCellType.swift */,
			);
			path = Models;
			sourceTree = "<group>";
		};
		DFDB603B283154740039F24B /* ViewModels */ = {
			isa = PBXGroup;
			children = (
				DF20D4E6283781A1000208C7 /* PosterCollectionViewCellViewModel.swift */,
				DF20D4E82837825D000208C7 /* PostCollectionViewCellViewModel.swift */,
				DF20D4EA283782F2000208C7 /* PostActionsCollectionViewCellViewModel.swift */,
				DF20D4EE283783C2000208C7 /* PostLikesCollectionViewCellViewModel.swift */,
				DF20D4F028378454000208C7 /* PostCaptionCollectionViewCellViewModel.swift */,
				DF20D4F2283784BE000208C7 /* PostDatetimeCollectionViewCellViewModel.swift */,
			);
			path = ViewModels;
			sourceTree = "<group>";
		};
		DFDB603C283154910039F24B /* Managers */ = {
			isa = PBXGroup;
			children = (
				DFDB605F28315AC10039F24B /* AuthManager.swift */,
				DFDB606128315AE80039F24B /* DatabaseManager.swift */,
				DFDB606328315B090039F24B /* StorageManager.swift */,
				DFDB606528315B310039F24B /* AnalyticsManager.swift */,
				DFDB606728315B530039F24B /* HapticsManager.swift */,
			);
			path = Managers;
			sourceTree = "<group>";
		};
		DFDB603D2831549D0039F24B /* Resources */ = {
			isa = PBXGroup;
			children = (
				DFDB602D283152D00039F24B /* Assets.xcassets */,
				DFDB6024283152CD0039F24B /* AppDelegate.swift */,
				DFDB6026283152CD0039F24B /* SceneDelegate.swift */,
				DFDB606928315E680039F24B /* GoogleService-Info.plist */,
				DF81902A28324116007E9902 /* Extensions.swift */,
			);
			path = Resources;
			sourceTree = "<group>";
		};
		DFDB603E283157AF0039F24B /* Core */ = {
			isa = PBXGroup;
			children = (
				DFDB6028283152CD0039F24B /* HomeViewController.swift */,
				DFDB603F283157FA0039F24B /* ExploreViewController.swift */,
				DFDB60412831581D0039F24B /* CameraViewController.swift */,
				DFDB6043283158580039F24B /* NotificationsViewController.swift */,
				DFDB6045283158860039F24B /* ProfileViewController.swift */,
				DFDB6047283158C60039F24B /* TabBarViewController.swift */,
			);
			path = Core;
			sourceTree = "<group>";
		};
		DFDB6049283158DD0039F24B /* Other */ = {
			isa = PBXGroup;
			children = (
				DFDB6050283159640039F24B /* Auth */,
				DFDB604E2831594C0039F24B /* CaptionViewController.swift */,
				DFDB6051283159B10039F24B /* ListViewController.swift */,
				DFDB6053283159C90039F24B /* PostViewController.swift */,
				DFDB6055283159E10039F24B /* SettingsViewController.swift */,
			);
			path = Other;
			sourceTree = "<group>";
		};
		DFDB6050283159640039F24B /* Auth */ = {
			isa = PBXGroup;
			children = (
				DFDB604A283159000039F24B /* SignInViewController.swift */,
				DFDB604C283159180039F24B /* SignUpViewController.swift */,
			);
			path = Auth;
			sourceTree = "<group>";
		};
		E10B64D335768194E05D89BD /* Frameworks */ = {
			isa = PBXGroup;
			children = (
				C7F374B4182EB0520D74264F /* Pods_InstagramSwift.framework */,
			);
			name = Frameworks;
			sourceTree = "<group>";
		};
/* End PBXGroup section */

/* Begin PBXNativeTarget section */
		DFDB6020283152CD0039F24B /* InstagramSwift */ = {
			isa = PBXNativeTarget;
			buildConfigurationList = DFDB6035283152D00039F24B /* Build configuration list for PBXNativeTarget "InstagramSwift" */;
			buildPhases = (
				347844796FBC3D18FB7F3477 /* [CP] Check Pods Manifest.lock */,
				DFDB601D283152CD0039F24B /* Sources */,
				DFDB601E283152CD0039F24B /* Frameworks */,
				DFDB601F283152CD0039F24B /* Resources */,
				0ABE5326C4CCB3C580A04304 /* [CP] Embed Pods Frameworks */,
			);
			buildRules = (
			);
			dependencies = (
			);
			name = InstagramSwift;
			productName = InstagramSwift;
			productReference = DFDB6021283152CD0039F24B /* InstagramSwift.app */;
			productType = "com.apple.product-type.application";
		};
/* End PBXNativeTarget section */

/* Begin PBXProject section */
		DFDB6019283152CD0039F24B /* Project object */ = {
			isa = PBXProject;
			attributes = {
				BuildIndependentTargetsInParallel = 1;
				LastSwiftUpdateCheck = 1330;
				LastUpgradeCheck = 1330;
				TargetAttributes = {
					DFDB6020283152CD0039F24B = {
						CreatedOnToolsVersion = 13.3.1;
					};
				};
			};
			buildConfigurationList = DFDB601C283152CD0039F24B /* Build configuration list for PBXProject "InstagramSwift" */;
			compatibilityVersion = "Xcode 13.0";
			developmentRegion = en;
			hasScannedForEncodings = 0;
			knownRegions = (
				en,
				Base,
			);
			mainGroup = DFDB6018283152CD0039F24B;
			productRefGroup = DFDB6022283152CD0039F24B /* Products */;
			projectDirPath = "";
			projectRoot = "";
			targets = (
				DFDB6020283152CD0039F24B /* InstagramSwift */,
			);
		};
/* End PBXProject section */

/* Begin PBXResourcesBuildPhase section */
		DFDB601F283152CD0039F24B /* Resources */ = {
			isa = PBXResourcesBuildPhase;
			buildActionMask = 2147483647;
			files = (
				DFDB6031283152D00039F24B /* LaunchScreen.storyboard in Resources */,
				DFDB602E283152D00039F24B /* Assets.xcassets in Resources */,
				DFDB606A28315E680039F24B /* GoogleService-Info.plist in Resources */,
			);
			runOnlyForDeploymentPostprocessing = 0;
		};
/* End PBXResourcesBuildPhase section */

/* Begin PBXShellScriptBuildPhase section */
		0ABE5326C4CCB3C580A04304 /* [CP] Embed Pods Frameworks */ = {
			isa = PBXShellScriptBuildPhase;
			buildActionMask = 2147483647;
			files = (
			);
			inputFileListPaths = (
				"${PODS_ROOT}/Target Support Files/Pods-InstagramSwift/Pods-InstagramSwift-frameworks-${CONFIGURATION}-input-files.xcfilelist",
			);
			name = "[CP] Embed Pods Frameworks";
			outputFileListPaths = (
				"${PODS_ROOT}/Target Support Files/Pods-InstagramSwift/Pods-InstagramSwift-frameworks-${CONFIGURATION}-output-files.xcfilelist",
			);
			runOnlyForDeploymentPostprocessing = 0;
			shellPath = /bin/sh;
			shellScript = "\"${PODS_ROOT}/Target Support Files/Pods-InstagramSwift/Pods-InstagramSwift-frameworks.sh\"\n";
			showEnvVarsInLog = 0;
		};
		347844796FBC3D18FB7F3477 /* [CP] Check Pods Manifest.lock */ = {
			isa = PBXShellScriptBuildPhase;
			buildActionMask = 2147483647;
			files = (
			);
			inputFileListPaths = (
			);
			inputPaths = (
				"${PODS_PODFILE_DIR_PATH}/Podfile.lock",
				"${PODS_ROOT}/Manifest.lock",
			);
			name = "[CP] Check Pods Manifest.lock";
			outputFileListPaths = (
			);
			outputPaths = (
				"$(DERIVED_FILE_DIR)/Pods-InstagramSwift-checkManifestLockResult.txt",
			);
			runOnlyForDeploymentPostprocessing = 0;
			shellPath = /bin/sh;
			shellScript = "diff \"${PODS_PODFILE_DIR_PATH}/Podfile.lock\" \"${PODS_ROOT}/Manifest.lock\" > /dev/null\nif [ $? != 0 ] ; then\n    # print error to STDERR\n    echo \"error: The sandbox is not in sync with the Podfile.lock. Run 'pod install' or update your CocoaPods installation.\" >&2\n    exit 1\nfi\n# This output is used by Xcode 'outputs' to avoid re-running this script phase.\necho \"SUCCESS\" > \"${SCRIPT_OUTPUT_FILE_0}\"\n";
			showEnvVarsInLog = 0;
		};
/* End PBXShellScriptBuildPhase section */

/* Begin PBXSourcesBuildPhase section */
		DFDB601D283152CD0039F24B /* Sources */ = {
			isa = PBXSourcesBuildPhase;
			buildActionMask = 2147483647;
			files = (
				DFDB604F2831594C0039F24B /* CaptionViewController.swift in Sources */,
				DFB7E1442837F6A20089F48C /* PostLikesCollectionViewCell.swift in Sources */,
				DFDB6048283158C60039F24B /* TabBarViewController.swift in Sources */,
				DFDB605E28315A8F0039F24B /* Notification.swift in Sources */,
				DFDB606428315B090039F24B /* StorageManager.swift in Sources */,
				DFDB6052283159B10039F24B /* ListViewController.swift in Sources */,
				DFB7E1402837F61F0089F48C /* PostCollectionViewCell.swift in Sources */,
				DFDB6054283159C90039F24B /* PostViewController.swift in Sources */,
				DFDB6040283157FA0039F24B /* ExploreViewController.swift in Sources */,
				DFB7E1422837F6740089F48C /* PostActionsCollectionViewCell.swift in Sources */,
				DFDB60422831581D0039F24B /* CameraViewController.swift in Sources */,
				DFDB606628315B310039F24B /* AnalyticsManager.swift in Sources */,
				DFDB6029283152CD0039F24B /* HomeViewController.swift in Sources */,
				DFDB604D283159180039F24B /* SignUpViewController.swift in Sources */,
				DF20D4E7283781A1000208C7 /* PosterCollectionViewCellViewModel.swift in Sources */,
				DFDB605828315A2E0039F24B /* User.swift in Sources */,
				DFDB6044283158580039F24B /* NotificationsViewController.swift in Sources */,
				DF81902928323F24007E9902 /* SignInHeaderView.swift in Sources */,
				DFDB6056283159E10039F24B /* SettingsViewController.swift in Sources */,
				DF9C103A2832AC5A007D425B /* IGTextField.swift in Sources */,
				DF20D4E92837825D000208C7 /* PostCollectionViewCellViewModel.swift in Sources */,
				DF20D4EF283783C2000208C7 /* PostLikesCollectionViewCellViewModel.swift in Sources */,
				DFDB606228315AE80039F24B /* DatabaseManager.swift in Sources */,
				DFDB605C28315A6C0039F24B /* Relationship.swift in Sources */,
				DFDB605A28315A3F0039F24B /* Post.swift in Sources */,
				DF20D4F128378454000208C7 /* PostCaptionCollectionViewCellViewModel.swift in Sources */,
				DFDB606028315AC10039F24B /* AuthManager.swift in Sources */,
				DFDB604B283159000039F24B /* SignInViewController.swift in Sources */,
				DF81902B28324116007E9902 /* Extensions.swift in Sources */,
				DF20D4EB283782F2000208C7 /* PostActionsCollectionViewCellViewModel.swift in Sources */,
				DF20D4F3283784BE000208C7 /* PostDatetimeCollectionViewCellViewModel.swift in Sources */,
				DF20D4F5283785F1000208C7 /* HomeFeedCellType.swift in Sources */,
				DFB7E1482837F7130089F48C /* PostDateTimeCollectionViewCell.swift in Sources */,
				DFDB6046283158860039F24B /* ProfileViewController.swift in Sources */,
				DFDB606828315B530039F24B /* HapticsManager.swift in Sources */,
				DFB7E13E2837F4F00089F48C /* PosterCollectionViewCell.swift in Sources */,
				DFDB6025283152CD0039F24B /* AppDelegate.swift in Sources */,
				DFDB6027283152CD0039F24B /* SceneDelegate.swift in Sources */,
				DFB7E1462837F6C90089F48C /* PostCaptionCollectionViewCell.swift in Sources */,
			);
			runOnlyForDeploymentPostprocessing = 0;
		};
/* End PBXSourcesBuildPhase section */

/* Begin PBXVariantGroup section */
		DFDB602F283152D00039F24B /* LaunchScreen.storyboard */ = {
			isa = PBXVariantGroup;
			children = (
				DFDB6030283152D00039F24B /* Base */,
			);
			name = LaunchScreen.storyboard;
			sourceTree = "<group>";
		};
/* End PBXVariantGroup section */

/* Begin XCBuildConfiguration section */
		DFDB6033283152D00039F24B /* Debug */ = {
			isa = XCBuildConfiguration;
			buildSettings = {
				ALWAYS_SEARCH_USER_PATHS = NO;
				CLANG_ANALYZER_NONNULL = YES;
				CLANG_ANALYZER_NUMBER_OBJECT_CONVERSION = YES_AGGRESSIVE;
				CLANG_CXX_LANGUAGE_STANDARD = "gnu++17";
				CLANG_ENABLE_MODULES = YES;
				CLANG_ENABLE_OBJC_ARC = YES;
				CLANG_ENABLE_OBJC_WEAK = YES;
				CLANG_WARN_BLOCK_CAPTURE_AUTORELEASING = YES;
				CLANG_WARN_BOOL_CONVERSION = YES;
				CLANG_WARN_COMMA = YES;
				CLANG_WARN_CONSTANT_CONVERSION = YES;
				CLANG_WARN_DEPRECATED_OBJC_IMPLEMENTATIONS = YES;
				CLANG_WARN_DIRECT_OBJC_ISA_USAGE = YES_ERROR;
				CLANG_WARN_DOCUMENTATION_COMMENTS = YES;
				CLANG_WARN_EMPTY_BODY = YES;
				CLANG_WARN_ENUM_CONVERSION = YES;
				CLANG_WARN_INFINITE_RECURSION = YES;
				CLANG_WARN_INT_CONVERSION = YES;
				CLANG_WARN_NON_LITERAL_NULL_CONVERSION = YES;
				CLANG_WARN_OBJC_IMPLICIT_RETAIN_SELF = YES;
				CLANG_WARN_OBJC_LITERAL_CONVERSION = YES;
				CLANG_WARN_OBJC_ROOT_CLASS = YES_ERROR;
				CLANG_WARN_QUOTED_INCLUDE_IN_FRAMEWORK_HEADER = YES;
				CLANG_WARN_RANGE_LOOP_ANALYSIS = YES;
				CLANG_WARN_STRICT_PROTOTYPES = YES;
				CLANG_WARN_SUSPICIOUS_MOVE = YES;
				CLANG_WARN_UNGUARDED_AVAILABILITY = YES_AGGRESSIVE;
				CLANG_WARN_UNREACHABLE_CODE = YES;
				CLANG_WARN__DUPLICATE_METHOD_MATCH = YES;
				COPY_PHASE_STRIP = NO;
				DEBUG_INFORMATION_FORMAT = dwarf;
				ENABLE_STRICT_OBJC_MSGSEND = YES;
				ENABLE_TESTABILITY = YES;
				GCC_C_LANGUAGE_STANDARD = gnu11;
				GCC_DYNAMIC_NO_PIC = NO;
				GCC_NO_COMMON_BLOCKS = YES;
				GCC_OPTIMIZATION_LEVEL = 0;
				GCC_PREPROCESSOR_DEFINITIONS = (
					"DEBUG=1",
					"$(inherited)",
				);
				GCC_WARN_64_TO_32_BIT_CONVERSION = YES;
				GCC_WARN_ABOUT_RETURN_TYPE = YES_ERROR;
				GCC_WARN_UNDECLARED_SELECTOR = YES;
				GCC_WARN_UNINITIALIZED_AUTOS = YES_AGGRESSIVE;
				GCC_WARN_UNUSED_FUNCTION = YES;
				GCC_WARN_UNUSED_VARIABLE = YES;
				IPHONEOS_DEPLOYMENT_TARGET = 15.4;
				MTL_ENABLE_DEBUG_INFO = INCLUDE_SOURCE;
				MTL_FAST_MATH = YES;
				ONLY_ACTIVE_ARCH = YES;
				SDKROOT = iphoneos;
				SWIFT_ACTIVE_COMPILATION_CONDITIONS = DEBUG;
				SWIFT_OPTIMIZATION_LEVEL = "-Onone";
			};
			name = Debug;
		};
		DFDB6034283152D00039F24B /* Release */ = {
			isa = XCBuildConfiguration;
			buildSettings = {
				ALWAYS_SEARCH_USER_PATHS = NO;
				CLANG_ANALYZER_NONNULL = YES;
				CLANG_ANALYZER_NUMBER_OBJECT_CONVERSION = YES_AGGRESSIVE;
				CLANG_CXX_LANGUAGE_STANDARD = "gnu++17";
				CLANG_ENABLE_MODULES = YES;
				CLANG_ENABLE_OBJC_ARC = YES;
				CLANG_ENABLE_OBJC_WEAK = YES;
				CLANG_WARN_BLOCK_CAPTURE_AUTORELEASING = YES;
				CLANG_WARN_BOOL_CONVERSION = YES;
				CLANG_WARN_COMMA = YES;
				CLANG_WARN_CONSTANT_CONVERSION = YES;
				CLANG_WARN_DEPRECATED_OBJC_IMPLEMENTATIONS = YES;
				CLANG_WARN_DIRECT_OBJC_ISA_USAGE = YES_ERROR;
				CLANG_WARN_DOCUMENTATION_COMMENTS = YES;
				CLANG_WARN_EMPTY_BODY = YES;
				CLANG_WARN_ENUM_CONVERSION = YES;
				CLANG_WARN_INFINITE_RECURSION = YES;
				CLANG_WARN_INT_CONVERSION = YES;
				CLANG_WARN_NON_LITERAL_NULL_CONVERSION = YES;
				CLANG_WARN_OBJC_IMPLICIT_RETAIN_SELF = YES;
				CLANG_WARN_OBJC_LITERAL_CONVERSION = YES;
				CLANG_WARN_OBJC_ROOT_CLASS = YES_ERROR;
				CLANG_WARN_QUOTED_INCLUDE_IN_FRAMEWORK_HEADER = YES;
				CLANG_WARN_RANGE_LOOP_ANALYSIS = YES;
				CLANG_WARN_STRICT_PROTOTYPES = YES;
				CLANG_WARN_SUSPICIOUS_MOVE = YES;
				CLANG_WARN_UNGUARDED_AVAILABILITY = YES_AGGRESSIVE;
				CLANG_WARN_UNREACHABLE_CODE = YES;
				CLANG_WARN__DUPLICATE_METHOD_MATCH = YES;
				COPY_PHASE_STRIP = NO;
				DEBUG_INFORMATION_FORMAT = "dwarf-with-dsym";
				ENABLE_NS_ASSERTIONS = NO;
				ENABLE_STRICT_OBJC_MSGSEND = YES;
				GCC_C_LANGUAGE_STANDARD = gnu11;
				GCC_NO_COMMON_BLOCKS = YES;
				GCC_WARN_64_TO_32_BIT_CONVERSION = YES;
				GCC_WARN_ABOUT_RETURN_TYPE = YES_ERROR;
				GCC_WARN_UNDECLARED_SELECTOR = YES;
				GCC_WARN_UNINITIALIZED_AUTOS = YES_AGGRESSIVE;
				GCC_WARN_UNUSED_FUNCTION = YES;
				GCC_WARN_UNUSED_VARIABLE = YES;
				IPHONEOS_DEPLOYMENT_TARGET = 15.4;
				MTL_ENABLE_DEBUG_INFO = NO;
				MTL_FAST_MATH = YES;
				SDKROOT = iphoneos;
				SWIFT_COMPILATION_MODE = wholemodule;
				SWIFT_OPTIMIZATION_LEVEL = "-O";
				VALIDATE_PRODUCT = YES;
			};
			name = Release;
		};
		DFDB6036283152D00039F24B /* Debug */ = {
			isa = XCBuildConfiguration;
			baseConfigurationReference = A03B0A2D927FBE342EF4606E /* Pods-InstagramSwift.debug.xcconfig */;
			buildSettings = {
				ASSETCATALOG_COMPILER_APPICON_NAME = AppIcon;
				ASSETCATALOG_COMPILER_GLOBAL_ACCENT_COLOR_NAME = AccentColor;
				CODE_SIGN_STYLE = Automatic;
				CURRENT_PROJECT_VERSION = 1;
				DEVELOPMENT_TEAM = UNQVQM5ZA2;
				GENERATE_INFOPLIST_FILE = YES;
				INFOPLIST_FILE = InstagramSwift/Info.plist;
				INFOPLIST_KEY_CFBundleDisplayName = Instagram;
				INFOPLIST_KEY_NSCameraUsageDescription = "Please allow access to take profile picture.";
				INFOPLIST_KEY_NSPhotoLibraryAddUsageDescription = "Please allow access to choose a profile picture.";
				INFOPLIST_KEY_UIApplicationSupportsIndirectInputEvents = YES;
				INFOPLIST_KEY_UILaunchStoryboardName = LaunchScreen;
				INFOPLIST_KEY_UISupportedInterfaceOrientations_iPad = "UIInterfaceOrientationPortrait UIInterfaceOrientationPortraitUpsideDown UIInterfaceOrientationLandscapeLeft UIInterfaceOrientationLandscapeRight";
				INFOPLIST_KEY_UISupportedInterfaceOrientations_iPhone = "UIInterfaceOrientationPortrait UIInterfaceOrientationLandscapeLeft UIInterfaceOrientationLandscapeRight";
				IPHONEOS_DEPLOYMENT_TARGET = 13.0;
				LD_RUNPATH_SEARCH_PATHS = (
					"$(inherited)",
					"@executable_path/Frameworks",
				);
				MARKETING_VERSION = 1.0;
				PRODUCT_BUNDLE_IDENTIFIER = Practice.InstagramSwift;
				PRODUCT_NAME = "$(TARGET_NAME)";
				SWIFT_EMIT_LOC_STRINGS = YES;
				SWIFT_VERSION = 5.0;
				TARGETED_DEVICE_FAMILY = 1;
			};
			name = Debug;
		};
		DFDB6037283152D00039F24B /* Release */ = {
			isa = XCBuildConfiguration;
			baseConfigurationReference = 995D7D1151A0C37EAD63537C /* Pods-InstagramSwift.release.xcconfig */;
			buildSettings = {
				ASSETCATALOG_COMPILER_APPICON_NAME = AppIcon;
				ASSETCATALOG_COMPILER_GLOBAL_ACCENT_COLOR_NAME = AccentColor;
				CODE_SIGN_STYLE = Automatic;
				CURRENT_PROJECT_VERSION = 1;
				DEVELOPMENT_TEAM = UNQVQM5ZA2;
				GENERATE_INFOPLIST_FILE = YES;
				INFOPLIST_FILE = InstagramSwift/Info.plist;
				INFOPLIST_KEY_CFBundleDisplayName = Instagram;
				INFOPLIST_KEY_NSCameraUsageDescription = "Please allow access to take profile picture.";
				INFOPLIST_KEY_NSPhotoLibraryAddUsageDescription = "Please allow access to choose a profile picture.";
				INFOPLIST_KEY_UIApplicationSupportsIndirectInputEvents = YES;
				INFOPLIST_KEY_UILaunchStoryboardName = LaunchScreen;
				INFOPLIST_KEY_UISupportedInterfaceOrientations_iPad = "UIInterfaceOrientationPortrait UIInterfaceOrientationPortraitUpsideDown UIInterfaceOrientationLandscapeLeft UIInterfaceOrientationLandscapeRight";
				INFOPLIST_KEY_UISupportedInterfaceOrientations_iPhone = "UIInterfaceOrientationPortrait UIInterfaceOrientationLandscapeLeft UIInterfaceOrientationLandscapeRight";
				IPHONEOS_DEPLOYMENT_TARGET = 13.0;
				LD_RUNPATH_SEARCH_PATHS = (
					"$(inherited)",
					"@executable_path/Frameworks",
				);
				MARKETING_VERSION = 1.0;
				PRODUCT_BUNDLE_IDENTIFIER = Practice.InstagramSwift;
				PRODUCT_NAME = "$(TARGET_NAME)";
				SWIFT_EMIT_LOC_STRINGS = YES;
				SWIFT_VERSION = 5.0;
				TARGETED_DEVICE_FAMILY = 1;
			};
			name = Release;
		};
/* End XCBuildConfiguration section */

/* Begin XCConfigurationList section */
		DFDB601C283152CD0039F24B /* Build configuration list for PBXProject "InstagramSwift" */ = {
			isa = XCConfigurationList;
			buildConfigurations = (
				DFDB6033283152D00039F24B /* Debug */,
				DFDB6034283152D00039F24B /* Release */,
			);
			defaultConfigurationIsVisible = 0;
			defaultConfigurationName = Release;
		};
		DFDB6035283152D00039F24B /* Build configuration list for PBXNativeTarget "InstagramSwift" */ = {
			isa = XCConfigurationList;
			buildConfigurations = (
				DFDB6036283152D00039F24B /* Debug */,
				DFDB6037283152D00039F24B /* Release */,
			);
			defaultConfigurationIsVisible = 0;
			defaultConfigurationName = Release;
		};
/* End XCConfigurationList section */
	};
	rootObject = DFDB6019283152CD0039F24B /* Project object */;
}
